
Microsoft Visual Studio Solution File, Format Version 12.00
# Visual Studio Version 16
VisualStudioVersion = 16.0.31624.102
MinimumVisualStudioVersion = 10.0.40219.1
Project("{9A19103F-16F7-4668-BE54-9A1E7A4F7556}") = "MarsRoverConsoleApp", "MarsRoverConsoleApp\MarsRoverConsoleApp.csproj", "{9AEC3925-9A9C-4E14-8025-23A1479C5ADB}"
EndProject
Project("{FAE04EC0-301F-11D3-BF4B-00C04F79EFBC}") = "MarsRoverConsoleApp.Service", "MarsRoverConsoleApp.Services\MarsRoverConsoleApp.Service.csproj", "{C925C28D-2BCE-406E-8CF6-9F1D40FFF300}"
EndProject
Project("{FAE04EC0-301F-11D3-BF4B-00C04F79EFBC}") = "MarsRoverConsoleApp.Common", "MarsRoverConsoleApp.Common\MarsRoverConsoleApp.Common.csproj", "{CBB0A565-7EBA-466F-9F41-B15D46700DA0}"
EndProject
Global
	GlobalSection(SolutionConfigurationPlatforms) = preSolution
		Debug|Any CPU = Debug|Any CPU
		Release|Any CPU = Release|Any CPU
	EndGlobalSection
	GlobalSection(ProjectConfigurationPlatforms) = postSolution
		{9AEC3925-9A9C-4E14-8025-23A1479C5ADB}.Debug|Any CPU.ActiveCfg = Debug|Any CPU
		{9AEC3925-9A9C-4E14-8025-23A1479C5ADB}.Debug|Any CPU.Build.0 = Debug|Any CPU
		{9AEC3925-9A9C-4E14-8025-23A1479C5ADB}.Release|Any CPU.ActiveCfg = Release|Any CPU
		{9AEC3925-9A9C-4E14-8025-23A1479C5ADB}.Release|Any CPU.Build.0 = Release|Any CPU
		{C925C28D-2BCE-406E-8CF6-9F1D40FFF300}.Debug|Any CPU.ActiveCfg = Debug|Any CPU
		{C925C28D-2BCE-406E-8CF6-9F1D40FFF300}.Debug|Any CPU.Build.0 = Debug|Any CPU
		{C925C28D-2BCE-406E-8CF6-9F1D40FFF300}.Release|Any CPU.ActiveCfg = Release|Any CPU
		{C925C28D-2BCE-406E-8CF6-9F1D40FFF300}.Release|Any CPU.Build.0 = Release|Any CPU
		{CBB0A565-7EBA-466F-9F41-B15D46700DA0}.Debug|Any CPU.ActiveCfg = Debug|Any CPU
		{CBB0A565-7EBA-466F-9F41-B15D46700DA0}.Debug|Any CPU.Build.0 = Debug|Any CPU
		{CBB0A565-7EBA-466F-9F41-B15D46700DA0}.Release|Any CPU.ActiveCfg = Release|Any CPU
		{CBB0A565-7EBA-466F-9F41-B15D46700DA0}.Release|Any CPU.Build.0 = Release|Any CPU
	EndGlobalSection
	GlobalSection(SolutionProperties) = preSolution
		HideSolutionNode = FALSE
	EndGlobalSection
	GlobalSection(ExtensibilityGlobals) = postSolution
		SolutionGuid = {2B0BCBC8-F4F2-48D5-A709-17CC53BB67ED}
	EndGlobalSection
EndGlobal
